
Microsoft Visual Studio Solution File, Format Version 12.00
# Visual Studio Version 17
VisualStudioVersion = 17.5.001.0
MinimumVisualStudioVersion = 10.0.40219.1
Project("{9A19103F-16F7-4668-BE54-9A1E7A4F7556}") = "Задача_2", "Задача_2.csproj", "{3CEBD6C8-376B-4CBE-A288-5A1CAFF7868D}"
EndProject
Global
	GlobalSection(SolutionConfigurationPlatforms) = preSolution
		Debug|Any CPU = Debug|Any CPU
		Release|Any CPU = Release|Any CPU
	EndGlobalSection
	GlobalSection(ProjectConfigurationPlatforms) = postSolution
		{3CEBD6C8-376B-4CBE-A288-5A1CAFF7868D}.Debug|Any CPU.ActiveCfg = Debug|Any CPU
		{3CEBD6C8-376B-4CBE-A288-5A1CAFF7868D}.Debug|Any CPU.Build.0 = Debug|Any CPU
		{3CEBD6C8-376B-4CBE-A288-5A1CAFF7868D}.Release|Any CPU.ActiveCfg = Release|Any CPU
		{3CEBD6C8-376B-4CBE-A288-5A1CAFF7868D}.Release|Any CPU.Build.0 = Release|Any CPU
	EndGlobalSection
	GlobalSection(SolutionProperties) = preSolution
		HideSolutionNode = FALSE
	EndGlobalSection
	GlobalSection(ExtensibilityGlobals) = postSolution
		SolutionGuid = {22A5522F-A727-4697-BD7A-DE28A9E00F53}
	EndGlobalSection
EndGlobal
